
Microsoft Visual Studio Solution File, Format Version 12.00
# Visual Studio Version 16
VisualStudioVersion = 16.0.31424.327
MinimumVisualStudioVersion = 10.0.40219.1
Project("{FAE04EC0-301F-11D3-BF4B-00C04F79EFBC}") = "HelloWorld", "HelloWorld\HelloWorld.csproj", "{3F32D235-F23A-4A7F-93F0-1969855087F1}"
EndProject
Global
	GlobalSection(SolutionConfigurationPlatforms) = preSolution
		Debug|Any CPU = Debug|Any CPU
		Release|Any CPU = Release|Any CPU
	EndGlobalSection
	GlobalSection(ProjectConfigurationPlatforms) = postSolution
		{3F32D235-F23A-4A7F-93F0-1969855087F1}.Debug|Any CPU.ActiveCfg = Debug|Any CPU
		{3F32D235-F23A-4A7F-93F0-1969855087F1}.Debug|Any CPU.Build.0 = Debug|Any CPU
		{3F32D235-F23A-4A7F-93F0-1969855087F1}.Release|Any CPU.ActiveCfg = Release|Any CPU
		{3F32D235-F23A-4A7F-93F0-1969855087F1}.Release|Any CPU.Build.0 = Release|Any CPU
	EndGlobalSection
	GlobalSection(SolutionProperties) = preSolution
		HideSolutionNode = FALSE
	EndGlobalSection
	GlobalSection(ExtensibilityGlobals) = postSolution
		SolutionGuid = {B429E176-908C-4874-AA4F-7DD4FD3EE233}
	EndGlobalSection
EndGlobal
